{
  "lockfileVersion": 1,
  "configVersion": 0,
  "workspaces": {
    "": {
      "name": "quilt-loom",
      "dependencies": {
        "yaml": "^2.9.1",
        "z-ai-web-dev-sdk": "0.0.18",
      },
    },
  },
  "packages": {
    "yaml": ["yaml@2.9.1", "", { "bin": "bin.mjs" }, "sha512-3NxN8+78OdzbT7C/WjGsyfPAtJaN3FNDsWxv7Y7mcDsT/oOmgW8BpyQQFFBnvZE3j9Y2Sdz1ULFLezL7Eb2yFw=="],

    "z-ai-web-dev-sdk": ["z-ai-web-dev-sdk@0.0.18", "", { "bin": { "z-ai": "dist/cli.js", "z-ai-generate": "dist/cli.js" } }, "sha512-xVoZIEME2F+/Z06orHCgUKzOMuFPhoHuzN4ZFZqcD71g11nzbzq2jKSP53igi3lJFE8ZbMB4WKb4gp6lCGrMXQ=="],
  }
}
